// !$*UTF8*$!
{
	archiveVersion = 1;
	classes = {
	};
	objectVersion = 56;
	objects = {

/* Begin PBXBuildFile section */
		391D48C62C96E64F00E52832 /* CustomReusableCell.swift in Sources */ = {isa = PBXBuildFile; fileRef = 391D48C52C96E64F00E52832 /* CustomReusableCell.swift */; };
		3947E1A22C8F18BD00D3D8D6 /* SettingsVC.swift in Sources */ = {isa = PBXBuildFile; fileRef = 3947E1A12C8F18BD00D3D8D6 /* SettingsVC.swift */; };
		3947E1A42C8F3A2200D3D8D6 /* Section.swift in Sources */ = {isa = PBXBuildFile; fileRef = 3947E1A32C8F3A2200D3D8D6 /* Section.swift */; };
		3947E1A62C8F3BEF00D3D8D6 /* UserProfileVC.swift in Sources */ = {isa = PBXBuildFile; fileRef = 3947E1A52C8F3BEF00D3D8D6 /* UserProfileVC.swift */; };
		3947E1A82C8F5E1F00D3D8D6 /* APIErrors.swift in Sources */ = {isa = PBXBuildFile; fileRef = 3947E1A72C8F5E1F00D3D8D6 /* APIErrors.swift */; };
		3947E1AC2C90572500D3D8D6 /* SettingsOptionCell.swift in Sources */ = {isa = PBXBuildFile; fileRef = 3947E1AB2C90572500D3D8D6 /* SettingsOptionCell.swift */; };
		395D97AB2CB40661002B3870 /* TopArtistsHeader.swift in Sources */ = {isa = PBXBuildFile; fileRef = 395D97AA2CB40661002B3870 /* TopArtistsHeader.swift */; };
		395D97AD2CB534E6002B3870 /* PlayHistoryResponce.swift in Sources */ = {isa = PBXBuildFile; fileRef = 395D97AC2CB534E6002B3870 /* PlayHistoryResponce.swift */; };
		395D97AF2CB53554002B3870 /* PlayHistory.swift in Sources */ = {isa = PBXBuildFile; fileRef = 395D97AE2CB53554002B3870 /* PlayHistory.swift */; };
		3960940C2CAAD0AD00E526CD /* Constants.swift in Sources */ = {isa = PBXBuildFile; fileRef = 3960940B2CAAD0AD00E526CD /* Constants.swift */; };
		396D66212C8EEFAA00FDF0B3 /* NetworkManager.swift in Sources */ = {isa = PBXBuildFile; fileRef = 396D66202C8EEFAA00FDF0B3 /* NetworkManager.swift */; };
		396D66232C8EF07400FDF0B3 /* UserProfile.swift in Sources */ = {isa = PBXBuildFile; fileRef = 396D66222C8EF07400FDF0B3 /* UserProfile.swift */; };
		396D66252C8EF16600FDF0B3 /* Image.swift in Sources */ = {isa = PBXBuildFile; fileRef = 396D66242C8EF16600FDF0B3 /* Image.swift */; };
		396D66272C8F022B00FDF0B3 /* TokenManager.swift in Sources */ = {isa = PBXBuildFile; fileRef = 396D66262C8F022B00FDF0B3 /* TokenManager.swift */; };
		39712FB52C89E4E8000B45AA /* AuthRequest.swift in Sources */ = {isa = PBXBuildFile; fileRef = 39712FB42C89E4E8000B45AA /* AuthRequest.swift */; };
		397A90812C775B280005E6FC /* SpotifyiOS in Frameworks */ = {isa = PBXBuildFile; productRef = 397A90802C775B280005E6FC /* SpotifyiOS */; };
		3984EA582CAFE8CA0019F570 /* TopArtistsSectionCell.swift in Sources */ = {isa = PBXBuildFile; fileRef = 3984EA572CAFE8CA0019F570 /* TopArtistsSectionCell.swift */; };
		39B0C3A82CA6B3860028CA3B /* TopArtistsCellViewModel.swift in Sources */ = {isa = PBXBuildFile; fileRef = 39B0C3A72CA6B3860028CA3B /* TopArtistsCellViewModel.swift */; };
		39B0C3AA2CA6B4340028CA3B /* UserPlaylistsCellViewModel.swift in Sources */ = {isa = PBXBuildFile; fileRef = 39B0C3A92CA6B4340028CA3B /* UserPlaylistsCellViewModel.swift */; };
		39B0C3AC2CA6C68E0028CA3B /* RecomendedTracksSectionCell.swift in Sources */ = {isa = PBXBuildFile; fileRef = 39B0C3AB2CA6C68E0028CA3B /* RecomendedTracksSectionCell.swift */; };
		39B0C3AE2CA6CEE00028CA3B /* SelfConfiguringCell.swift in Sources */ = {isa = PBXBuildFile; fileRef = 39B0C3AD2CA6CEE00028CA3B /* SelfConfiguringCell.swift */; };
		39B3924F2CAAF71900CBAD39 /* UserTopItems.swift in Sources */ = {isa = PBXBuildFile; fileRef = 39B3924E2CAAF71900CBAD39 /* UserTopItems.swift */; };
		39B392512CAAF8B600CBAD39 /* Artist.swift in Sources */ = {isa = PBXBuildFile; fileRef = 39B392502CAAF8B600CBAD39 /* Artist.swift */; };
		39B615EB2C9D5C0700D8CE31 /* RecomendedTracksCellViewModel.swift in Sources */ = {isa = PBXBuildFile; fileRef = 39B615EA2C9D5C0700D8CE31 /* RecomendedTracksCellViewModel.swift */; };
		39BC93972C92DA81000626A5 /* Album.swift in Sources */ = {isa = PBXBuildFile; fileRef = 39BC93962C92DA81000626A5 /* Album.swift */; };
		39BC93992C92E5DB000626A5 /* Albums.swift in Sources */ = {isa = PBXBuildFile; fileRef = 39BC93982C92E5DB000626A5 /* Albums.swift */; };
		39BC939B2C92E841000626A5 /* ExternalUrl.swift in Sources */ = {isa = PBXBuildFile; fileRef = 39BC939A2C92E841000626A5 /* ExternalUrl.swift */; };
		39BC939E2C92EC20000626A5 /* EndpointManager.swift in Sources */ = {isa = PBXBuildFile; fileRef = 39BC939D2C92EC20000626A5 /* EndpointManager.swift */; };
		39C6C52A2C74EBEC0058D1BC /* AppDelegate.swift in Sources */ = {isa = PBXBuildFile; fileRef = 39C6C5292C74EBEC0058D1BC /* AppDelegate.swift */; };
		39C6C52C2C74EBEC0058D1BC /* SceneDelegate.swift in Sources */ = {isa = PBXBuildFile; fileRef = 39C6C52B2C74EBEC0058D1BC /* SceneDelegate.swift */; };
		39C6C52E2C74EBEC0058D1BC /* HomeVC.swift in Sources */ = {isa = PBXBuildFile; fileRef = 39C6C52D2C74EBEC0058D1BC /* HomeVC.swift */; };
		39C6C5312C74EBEC0058D1BC /* Main.storyboard in Resources */ = {isa = PBXBuildFile; fileRef = 39C6C52F2C74EBEC0058D1BC /* Main.storyboard */; };
		39C6C5332C74EBED0058D1BC /* Assets.xcassets in Resources */ = {isa = PBXBuildFile; fileRef = 39C6C5322C74EBED0058D1BC /* Assets.xcassets */; };
		39C6C5362C74EBED0058D1BC /* LaunchScreen.storyboard in Resources */ = {isa = PBXBuildFile; fileRef = 39C6C5342C74EBED0058D1BC /* LaunchScreen.storyboard */; };
		39C6C5452C74EE0E0058D1BC /* SearchVC.swift in Sources */ = {isa = PBXBuildFile; fileRef = 39C6C5442C74EE0E0058D1BC /* SearchVC.swift */; };
		39C6C5472C74F5A70058D1BC /* LibaryVC.swift in Sources */ = {isa = PBXBuildFile; fileRef = 39C6C5462C74F5A70058D1BC /* LibaryVC.swift */; };
		39C6C5492C74F63B0058D1BC /* TabBarController.swift in Sources */ = {isa = PBXBuildFile; fileRef = 39C6C5482C74F63B0058D1BC /* TabBarController.swift */; };
		39C6C54D2C75E3DE0058D1BC /* WelcomeVC.swift in Sources */ = {isa = PBXBuildFile; fileRef = 39C6C54C2C75E3DE0058D1BC /* WelcomeVC.swift */; };
		39C6C54F2C75E4080058D1BC /* AuthManager.swift in Sources */ = {isa = PBXBuildFile; fileRef = 39C6C54E2C75E4080058D1BC /* AuthManager.swift */; };
		39C6C5512C75F2B10058D1BC /* AuthVC.swift in Sources */ = {isa = PBXBuildFile; fileRef = 39C6C5502C75F2B10058D1BC /* AuthVC.swift */; };
		39D179CF2CA9BA6D00626B9F /* UserPlaylistsSectionCell.swift in Sources */ = {isa = PBXBuildFile; fileRef = 39D179CE2CA9BA6D00626B9F /* UserPlaylistsSectionCell.swift */; };
		39D99C4D2C9462E600FDCD2F /* NewReleases  .swift in Sources */ = {isa = PBXBuildFile; fileRef = 39D99C4C2C9462E600FDCD2F /* NewReleases  .swift */; };
		39D99C512C949D3C00FDCD2F /* Playlist.swift in Sources */ = {isa = PBXBuildFile; fileRef = 39D99C502C949D3C00FDCD2F /* Playlist.swift */; };
		39D99C532C95813800FDCD2F /* Featured Playlists.swift in Sources */ = {isa = PBXBuildFile; fileRef = 39D99C522C95813800FDCD2F /* Featured Playlists.swift */; };
		39D99C552C95870000FDCD2F /* PlaylistsResponce.swift in Sources */ = {isa = PBXBuildFile; fileRef = 39D99C542C95870000FDCD2F /* PlaylistsResponce.swift */; };
		39D99C572C959B1500FDCD2F /* Recommendations.swift in Sources */ = {isa = PBXBuildFile; fileRef = 39D99C562C959B1500FDCD2F /* Recommendations.swift */; };
		39D99C592C959DB300FDCD2F /* Track.swift in Sources */ = {isa = PBXBuildFile; fileRef = 39D99C582C959DB300FDCD2F /* Track.swift */; };
		39D99C5B2C95D14D00FDCD2F /* GenresResponce.swift in Sources */ = {isa = PBXBuildFile; fileRef = 39D99C5A2C95D14D00FDCD2F /* GenresResponce.swift */; };
		39D99C5F2C96B5C600FDCD2F /* CustomCollectionViewCell.swift in Sources */ = {isa = PBXBuildFile; fileRef = 39D99C5E2C96B5C500FDCD2F /* CustomCollectionViewCell.swift */; };
		39F6E9162C90760600530E2A /* myVC.swift in Sources */ = {isa = PBXBuildFile; fileRef = 39F6E9152C90760600530E2A /* myVC.swift */; };
		39F6E9192C907E9400530E2A /* HeaderView.swift in Sources */ = {isa = PBXBuildFile; fileRef = 39F6E9182C907E9400530E2A /* HeaderView.swift */; };
/* End PBXBuildFile section */

/* Begin PBXFileReference section */
		391D48C52C96E64F00E52832 /* CustomReusableCell.swift */ = {isa = PBXFileReference; lastKnownFileType = sourcecode.swift; path = CustomReusableCell.swift; sourceTree = "<group>"; };
		3947E1A12C8F18BD00D3D8D6 /* SettingsVC.swift */ = {isa = PBXFileReference; lastKnownFileType = sourcecode.swift; path = SettingsVC.swift; sourceTree = "<group>"; };
		3947E1A32C8F3A2200D3D8D6 /* Section.swift */ = {isa = PBXFileReference; lastKnownFileType = sourcecode.swift; path = Section.swift; sourceTree = "<group>"; };
		3947E1A52C8F3BEF00D3D8D6 /* UserProfileVC.swift */ = {isa = PBXFileReference; lastKnownFileType = sourcecode.swift; path = UserProfileVC.swift; sourceTree = "<group>"; };
		3947E1A72C8F5E1F00D3D8D6 /* APIErrors.swift */ = {isa = PBXFileReference; lastKnownFileType = sourcecode.swift; path = APIErrors.swift; sourceTree = "<group>"; };
		3947E1AB2C90572500D3D8D6 /* SettingsOptionCell.swift */ = {isa = PBXFileReference; lastKnownFileType = sourcecode.swift; path = SettingsOptionCell.swift; sourceTree = "<group>"; };
		395D97AA2CB40661002B3870 /* TopArtistsHeader.swift */ = {isa = PBXFileReference; lastKnownFileType = sourcecode.swift; path = TopArtistsHeader.swift; sourceTree = "<group>"; };
		395D97AC2CB534E6002B3870 /* PlayHistoryResponce.swift */ = {isa = PBXFileReference; lastKnownFileType = sourcecode.swift; path = PlayHistoryResponce.swift; sourceTree = "<group>"; };
		395D97AE2CB53554002B3870 /* PlayHistory.swift */ = {isa = PBXFileReference; lastKnownFileType = sourcecode.swift; path = PlayHistory.swift; sourceTree = "<group>"; };
		3960940B2CAAD0AD00E526CD /* Constants.swift */ = {isa = PBXFileReference; lastKnownFileType = sourcecode.swift; path = Constants.swift; sourceTree = "<group>"; };
		396D66202C8EEFAA00FDF0B3 /* NetworkManager.swift */ = {isa = PBXFileReference; lastKnownFileType = sourcecode.swift; path = NetworkManager.swift; sourceTree = "<group>"; };
		396D66222C8EF07400FDF0B3 /* UserProfile.swift */ = {isa = PBXFileReference; lastKnownFileType = sourcecode.swift; path = UserProfile.swift; sourceTree = "<group>"; };
		396D66242C8EF16600FDF0B3 /* Image.swift */ = {isa = PBXFileReference; lastKnownFileType = sourcecode.swift; path = Image.swift; sourceTree = "<group>"; };
		396D66262C8F022B00FDF0B3 /* TokenManager.swift */ = {isa = PBXFileReference; lastKnownFileType = sourcecode.swift; path = TokenManager.swift; sourceTree = "<group>"; };
		39712FB42C89E4E8000B45AA /* AuthRequest.swift */ = {isa = PBXFileReference; lastKnownFileType = sourcecode.swift; path = AuthRequest.swift; sourceTree = "<group>"; };
		3984EA572CAFE8CA0019F570 /* TopArtistsSectionCell.swift */ = {isa = PBXFileReference; lastKnownFileType = sourcecode.swift; path = TopArtistsSectionCell.swift; sourceTree = "<group>"; };
		39B0C3A72CA6B3860028CA3B /* TopArtistsCellViewModel.swift */ = {isa = PBXFileReference; lastKnownFileType = sourcecode.swift; path = TopArtistsCellViewModel.swift; sourceTree = "<group>"; };
		39B0C3A92CA6B4340028CA3B /* UserPlaylistsCellViewModel.swift */ = {isa = PBXFileReference; lastKnownFileType = sourcecode.swift; path = UserPlaylistsCellViewModel.swift; sourceTree = "<group>"; };
		39B0C3AB2CA6C68E0028CA3B /* RecomendedTracksSectionCell.swift */ = {isa = PBXFileReference; lastKnownFileType = sourcecode.swift; path = RecomendedTracksSectionCell.swift; sourceTree = "<group>"; };
		39B0C3AD2CA6CEE00028CA3B /* SelfConfiguringCell.swift */ = {isa = PBXFileReference; lastKnownFileType = sourcecode.swift; path = SelfConfiguringCell.swift; sourceTree = "<group>"; };
		39B3924E2CAAF71900CBAD39 /* UserTopItems.swift */ = {isa = PBXFileReference; lastKnownFileType = sourcecode.swift; path = UserTopItems.swift; sourceTree = "<group>"; };
		39B392502CAAF8B600CBAD39 /* Artist.swift */ = {isa = PBXFileReference; lastKnownFileType = sourcecode.swift; path = Artist.swift; sourceTree = "<group>"; };
		39B615EA2C9D5C0700D8CE31 /* RecomendedTracksCellViewModel.swift */ = {isa = PBXFileReference; lastKnownFileType = sourcecode.swift; path = RecomendedTracksCellViewModel.swift; sourceTree = "<group>"; };
		39BC93962C92DA81000626A5 /* Album.swift */ = {isa = PBXFileReference; lastKnownFileType = sourcecode.swift; path = Album.swift; sourceTree = "<group>"; };
		39BC93982C92E5DB000626A5 /* Albums.swift */ = {isa = PBXFileReference; lastKnownFileType = sourcecode.swift; path = Albums.swift; sourceTree = "<group>"; };
		39BC939A2C92E841000626A5 /* ExternalUrl.swift */ = {isa = PBXFileReference; lastKnownFileType = sourcecode.swift; path = ExternalUrl.swift; sourceTree = "<group>"; };
		39BC939D2C92EC20000626A5 /* EndpointManager.swift */ = {isa = PBXFileReference; lastKnownFileType = sourcecode.swift; path = EndpointManager.swift; sourceTree = "<group>"; };
		39C6C5262C74EBEC0058D1BC /* Spotify.app */ = {isa = PBXFileReference; explicitFileType = wrapper.application; includeInIndex = 0; path = Spotify.app; sourceTree = BUILT_PRODUCTS_DIR; };
		39C6C5292C74EBEC0058D1BC /* AppDelegate.swift */ = {isa = PBXFileReference; lastKnownFileType = sourcecode.swift; path = AppDelegate.swift; sourceTree = "<group>"; };
		39C6C52B2C74EBEC0058D1BC /* SceneDelegate.swift */ = {isa = PBXFileReference; lastKnownFileType = sourcecode.swift; path = SceneDelegate.swift; sourceTree = "<group>"; };
		39C6C52D2C74EBEC0058D1BC /* HomeVC.swift */ = {isa = PBXFileReference; lastKnownFileType = sourcecode.swift; path = HomeVC.swift; sourceTree = "<group>"; };
		39C6C5302C74EBEC0058D1BC /* Base */ = {isa = PBXFileReference; lastKnownFileType = file.storyboard; name = Base; path = Base.lproj/Main.storyboard; sourceTree = "<group>"; };
		39C6C5322C74EBED0058D1BC /* Assets.xcassets */ = {isa = PBXFileReference; lastKnownFileType = folder.assetcatalog; path = Assets.xcassets; sourceTree = "<group>"; };
		39C6C5352C74EBED0058D1BC /* Base */ = {isa = PBXFileReference; lastKnownFileType = file.storyboard; name = Base; path = Base.lproj/LaunchScreen.storyboard; sourceTree = "<group>"; };
		39C6C5372C74EBED0058D1BC /* Info.plist */ = {isa = PBXFileReference; lastKnownFileType = text.plist.xml; path = Info.plist; sourceTree = "<group>"; };
		39C6C5442C74EE0E0058D1BC /* SearchVC.swift */ = {isa = PBXFileReference; lastKnownFileType = sourcecode.swift; path = SearchVC.swift; sourceTree = "<group>"; };
		39C6C5462C74F5A70058D1BC /* LibaryVC.swift */ = {isa = PBXFileReference; lastKnownFileType = sourcecode.swift; path = LibaryVC.swift; sourceTree = "<group>"; };
		39C6C5482C74F63B0058D1BC /* TabBarController.swift */ = {isa = PBXFileReference; lastKnownFileType = sourcecode.swift; path = TabBarController.swift; sourceTree = "<group>"; };
		39C6C54C2C75E3DE0058D1BC /* WelcomeVC.swift */ = {isa = PBXFileReference; lastKnownFileType = sourcecode.swift; path = WelcomeVC.swift; sourceTree = "<group>"; };
		39C6C54E2C75E4080058D1BC /* AuthManager.swift */ = {isa = PBXFileReference; lastKnownFileType = sourcecode.swift; path = AuthManager.swift; sourceTree = "<group>"; };
		39C6C5502C75F2B10058D1BC /* AuthVC.swift */ = {isa = PBXFileReference; lastKnownFileType = sourcecode.swift; path = AuthVC.swift; sourceTree = "<group>"; };
		39D179CE2CA9BA6D00626B9F /* UserPlaylistsSectionCell.swift */ = {isa = PBXFileReference; lastKnownFileType = sourcecode.swift; path = UserPlaylistsSectionCell.swift; sourceTree = "<group>"; };
		39D99C4C2C9462E600FDCD2F /* NewReleases  .swift */ = {isa = PBXFileReference; lastKnownFileType = sourcecode.swift; path = "NewReleases  .swift"; sourceTree = "<group>"; };
		39D99C502C949D3C00FDCD2F /* Playlist.swift */ = {isa = PBXFileReference; lastKnownFileType = sourcecode.swift; path = Playlist.swift; sourceTree = "<group>"; };
		39D99C522C95813800FDCD2F /* Featured Playlists.swift */ = {isa = PBXFileReference; lastKnownFileType = sourcecode.swift; path = "Featured Playlists.swift"; sourceTree = "<group>"; };
		39D99C542C95870000FDCD2F /* PlaylistsResponce.swift */ = {isa = PBXFileReference; lastKnownFileType = sourcecode.swift; path = PlaylistsResponce.swift; sourceTree = "<group>"; };
		39D99C562C959B1500FDCD2F /* Recommendations.swift */ = {isa = PBXFileReference; lastKnownFileType = sourcecode.swift; path = Recommendations.swift; sourceTree = "<group>"; };
		39D99C582C959DB300FDCD2F /* Track.swift */ = {isa = PBXFileReference; lastKnownFileType = sourcecode.swift; path = Track.swift; sourceTree = "<group>"; };
		39D99C5A2C95D14D00FDCD2F /* GenresResponce.swift */ = {isa = PBXFileReference; lastKnownFileType = sourcecode.swift; path = GenresResponce.swift; sourceTree = "<group>"; };
		39D99C5E2C96B5C500FDCD2F /* CustomCollectionViewCell.swift */ = {isa = PBXFileReference; lastKnownFileType = sourcecode.swift; path = CustomCollectionViewCell.swift; sourceTree = "<group>"; };
		39F6E9152C90760600530E2A /* myVC.swift */ = {isa = PBXFileReference; lastKnownFileType = sourcecode.swift; path = myVC.swift; sourceTree = "<group>"; };
		39F6E9182C907E9400530E2A /* HeaderView.swift */ = {isa = PBXFileReference; lastKnownFileType = sourcecode.swift; path = HeaderView.swift; sourceTree = "<group>"; };
/* End PBXFileReference section */

/* Begin PBXFrameworksBuildPhase section */
		39C6C5232C74EBEC0058D1BC /* Frameworks */ = {
			isa = PBXFrameworksBuildPhase;
			buildActionMask = 2147483647;
			files = (
				397A90812C775B280005E6FC /* SpotifyiOS in Frameworks */,
			);
			runOnlyForDeploymentPostprocessing = 0;
		};
/* End PBXFrameworksBuildPhase section */

/* Begin PBXGroup section */
		3947E1AA2C9056DC00D3D8D6 /* Cell */ = {
			isa = PBXGroup;
			children = (
				3947E1AB2C90572500D3D8D6 /* SettingsOptionCell.swift */,
				39B0C3AB2CA6C68E0028CA3B /* RecomendedTracksSectionCell.swift */,
				39D179CE2CA9BA6D00626B9F /* UserPlaylistsSectionCell.swift */,
				3984EA572CAFE8CA0019F570 /* TopArtistsSectionCell.swift */,
			);
			path = Cell;
			sourceTree = "<group>";
		};
		39BC939C2C92E9D7000626A5 /* Managers */ = {
			isa = PBXGroup;
			children = (
				39C6C54E2C75E4080058D1BC /* AuthManager.swift */,
				396D66262C8F022B00FDF0B3 /* TokenManager.swift */,
				396D66202C8EEFAA00FDF0B3 /* NetworkManager.swift */,
				39BC939D2C92EC20000626A5 /* EndpointManager.swift */,
			);
			path = Managers;
			sourceTree = "<group>";
		};
		39C6C51D2C74EBEC0058D1BC = {
			isa = PBXGroup;
			children = (
				39C6C5282C74EBEC0058D1BC /* Spotify */,
				39C6C5272C74EBEC0058D1BC /* Products */,
			);
			sourceTree = "<group>";
		};
		39C6C5272C74EBEC0058D1BC /* Products */ = {
			isa = PBXGroup;
			children = (
				39C6C5262C74EBEC0058D1BC /* Spotify.app */,
			);
			name = Products;
			sourceTree = "<group>";
		};
		39C6C5282C74EBEC0058D1BC /* Spotify */ = {
			isa = PBXGroup;
			children = (
				39C6C5432C74EC980058D1BC /* Network */,
				39C6C5422C74EC760058D1BC /* Screens */,
				39C6C5412C74EC6E0058D1BC /* Models */,
				39C6C5402C74EC640058D1BC /* ViewModes */,
				39C6C53F2C74EC5E0058D1BC /* Views */,
				39C6C53E2C74EC5A0058D1BC /* Support */,
				39C6C52F2C74EBEC0058D1BC /* Main.storyboard */,
				39C6C5342C74EBED0058D1BC /* LaunchScreen.storyboard */,
				39C6C5372C74EBED0058D1BC /* Info.plist */,
				3947E1A72C8F5E1F00D3D8D6 /* APIErrors.swift */,
				39D99C5E2C96B5C500FDCD2F /* CustomCollectionViewCell.swift */,
				391D48C52C96E64F00E52832 /* CustomReusableCell.swift */,
				39B0C3AD2CA6CEE00028CA3B /* SelfConfiguringCell.swift */,
				3960940B2CAAD0AD00E526CD /* Constants.swift */,
			);
			path = Spotify;
			sourceTree = "<group>";
		};
		39C6C53E2C74EC5A0058D1BC /* Support */ = {
			isa = PBXGroup;
			children = (
				39C6C5292C74EBEC0058D1BC /* AppDelegate.swift */,
				39C6C52B2C74EBEC0058D1BC /* SceneDelegate.swift */,
				39C6C5322C74EBED0058D1BC /* Assets.xcassets */,
				39C6C5482C74F63B0058D1BC /* TabBarController.swift */,
			);
			path = Support;
			sourceTree = "<group>";
		};
		39C6C53F2C74EC5E0058D1BC /* Views */ = {
			isa = PBXGroup;
			children = (
				39F6E9172C907E8000530E2A /* Header */,
				3947E1AA2C9056DC00D3D8D6 /* Cell */,
			);
			path = Views;
			sourceTree = "<group>";
		};
		39C6C5402C74EC640058D1BC /* ViewModes */ = {
			isa = PBXGroup;
			children = (
				39B615EA2C9D5C0700D8CE31 /* RecomendedTracksCellViewModel.swift */,
				39B0C3A72CA6B3860028CA3B /* TopArtistsCellViewModel.swift */,
				39B0C3A92CA6B4340028CA3B /* UserPlaylistsCellViewModel.swift */,
			);
			path = ViewModes;
			sourceTree = "<group>";
		};
		39C6C5412C74EC6E0058D1BC /* Models */ = {
			isa = PBXGroup;
			children = (
				39712FB42C89E4E8000B45AA /* AuthRequest.swift */,
				396D66222C8EF07400FDF0B3 /* UserProfile.swift */,
				396D66242C8EF16600FDF0B3 /* Image.swift */,
				3947E1A32C8F3A2200D3D8D6 /* Section.swift */,
				39BC939A2C92E841000626A5 /* ExternalUrl.swift */,
				39BC93962C92DA81000626A5 /* Album.swift */,
				39BC93982C92E5DB000626A5 /* Albums.swift */,
				39D99C4C2C9462E600FDCD2F /* NewReleases  .swift */,
				39D99C502C949D3C00FDCD2F /* Playlist.swift */,
				39D99C522C95813800FDCD2F /* Featured Playlists.swift */,
				39D99C542C95870000FDCD2F /* PlaylistsResponce.swift */,
				39D99C562C959B1500FDCD2F /* Recommendations.swift */,
				39D99C582C959DB300FDCD2F /* Track.swift */,
				39D99C5A2C95D14D00FDCD2F /* GenresResponce.swift */,
				39B3924E2CAAF71900CBAD39 /* UserTopItems.swift */,
				39B392502CAAF8B600CBAD39 /* Artist.swift */,
				395D97AC2CB534E6002B3870 /* PlayHistoryResponce.swift */,
				395D97AE2CB53554002B3870 /* PlayHistory.swift */,
			);
			path = Models;
			sourceTree = "<group>";
		};
		39C6C5422C74EC760058D1BC /* Screens */ = {
			isa = PBXGroup;
			children = (
				39C6C54B2C74F7660058D1BC /* Other */,
				39C6C54A2C74F75D0058D1BC /* Core */,
			);
			path = Screens;
			sourceTree = "<group>";
		};
		39C6C5432C74EC980058D1BC /* Network */ = {
			isa = PBXGroup;
			children = (
				39BC939C2C92E9D7000626A5 /* Managers */,
			);
			path = Network;
			sourceTree = "<group>";
		};
		39C6C54A2C74F75D0058D1BC /* Core */ = {
			isa = PBXGroup;
			children = (
				39C6C52D2C74EBEC0058D1BC /* HomeVC.swift */,
				39C6C5462C74F5A70058D1BC /* LibaryVC.swift */,
				39C6C5442C74EE0E0058D1BC /* SearchVC.swift */,
			);
			path = Core;
			sourceTree = "<group>";
		};
		39C6C54B2C74F7660058D1BC /* Other */ = {
			isa = PBXGroup;
			children = (
				39C6C54C2C75E3DE0058D1BC /* WelcomeVC.swift */,
				39C6C5502C75F2B10058D1BC /* AuthVC.swift */,
				3947E1A12C8F18BD00D3D8D6 /* SettingsVC.swift */,
				3947E1A52C8F3BEF00D3D8D6 /* UserProfileVC.swift */,
				39F6E9152C90760600530E2A /* myVC.swift */,
			);
			path = Other;
			sourceTree = "<group>";
		};
		39F6E9172C907E8000530E2A /* Header */ = {
			isa = PBXGroup;
			children = (
				39F6E9182C907E9400530E2A /* HeaderView.swift */,
				395D97AA2CB40661002B3870 /* TopArtistsHeader.swift */,
			);
			path = Header;
			sourceTree = "<group>";
		};
/* End PBXGroup section */

/* Begin PBXNativeTarget section */
		39C6C5252C74EBEC0058D1BC /* Spotify */ = {
			isa = PBXNativeTarget;
			buildConfigurationList = 39C6C53A2C74EBED0058D1BC /* Build configuration list for PBXNativeTarget "Spotify" */;
			buildPhases = (
				39C6C5222C74EBEC0058D1BC /* Sources */,
				39C6C5232C74EBEC0058D1BC /* Frameworks */,
				39C6C5242C74EBEC0058D1BC /* Resources */,
			);
			buildRules = (
			);
			dependencies = (
			);
			name = Spotify;
			packageProductDependencies = (
				397A90802C775B280005E6FC /* SpotifyiOS */,
			);
			productName = Spotify;
			productReference = 39C6C5262C74EBEC0058D1BC /* Spotify.app */;
			productType = "com.apple.product-type.application";
		};
/* End PBXNativeTarget section */

/* Begin PBXProject section */
		39C6C51E2C74EBEC0058D1BC /* Project object */ = {
			isa = PBXProject;
			attributes = {
				BuildIndependentTargetsInParallel = 1;
				LastSwiftUpdateCheck = 1520;
				LastUpgradeCheck = 1520;
				TargetAttributes = {
					39C6C5252C74EBEC0058D1BC = {
						CreatedOnToolsVersion = 15.2;
					};
				};
			};
			buildConfigurationList = 39C6C5212C74EBEC0058D1BC /* Build configuration list for PBXProject "Spotify" */;
			compatibilityVersion = "Xcode 14.0";
			developmentRegion = en;
			hasScannedForEncodings = 0;
			knownRegions = (
				en,
				Base,
			);
			mainGroup = 39C6C51D2C74EBEC0058D1BC;
			packageReferences = (
				397A907F2C775B280005E6FC /* XCRemoteSwiftPackageReference "ios-sdk" */,
			);
			productRefGroup = 39C6C5272C74EBEC0058D1BC /* Products */;
			projectDirPath = "";
			projectRoot = "";
			targets = (
				39C6C5252C74EBEC0058D1BC /* Spotify */,
			);
		};
/* End PBXProject section */

/* Begin PBXResourcesBuildPhase section */
		39C6C5242C74EBEC0058D1BC /* Resources */ = {
			isa = PBXResourcesBuildPhase;
			buildActionMask = 2147483647;
			files = (
				39C6C5362C74EBED0058D1BC /* LaunchScreen.storyboard in Resources */,
				39C6C5332C74EBED0058D1BC /* Assets.xcassets in Resources */,
				39C6C5312C74EBEC0058D1BC /* Main.storyboard in Resources */,
			);
			runOnlyForDeploymentPostprocessing = 0;
		};
/* End PBXResourcesBuildPhase section */

/* Begin PBXSourcesBuildPhase section */
		39C6C5222C74EBEC0058D1BC /* Sources */ = {
			isa = PBXSourcesBuildPhase;
			buildActionMask = 2147483647;
			files = (
				39B0C3A82CA6B3860028CA3B /* TopArtistsCellViewModel.swift in Sources */,
				39F6E9162C90760600530E2A /* myVC.swift in Sources */,
				39C6C5512C75F2B10058D1BC /* AuthVC.swift in Sources */,
				39BC939B2C92E841000626A5 /* ExternalUrl.swift in Sources */,
				39D99C512C949D3C00FDCD2F /* Playlist.swift in Sources */,
				39B0C3AE2CA6CEE00028CA3B /* SelfConfiguringCell.swift in Sources */,
				395D97AB2CB40661002B3870 /* TopArtistsHeader.swift in Sources */,
				39D99C572C959B1500FDCD2F /* Recommendations.swift in Sources */,
				39B392512CAAF8B600CBAD39 /* Artist.swift in Sources */,
				39BC93992C92E5DB000626A5 /* Albums.swift in Sources */,
				3947E1AC2C90572500D3D8D6 /* SettingsOptionCell.swift in Sources */,
				39B615EB2C9D5C0700D8CE31 /* RecomendedTracksCellViewModel.swift in Sources */,
				39C6C5452C74EE0E0058D1BC /* SearchVC.swift in Sources */,
				39C6C54F2C75E4080058D1BC /* AuthManager.swift in Sources */,
				395D97AD2CB534E6002B3870 /* PlayHistoryResponce.swift in Sources */,
				39C6C52E2C74EBEC0058D1BC /* HomeVC.swift in Sources */,
				39D99C5F2C96B5C600FDCD2F /* CustomCollectionViewCell.swift in Sources */,
				396D66212C8EEFAA00FDF0B3 /* NetworkManager.swift in Sources */,
				39D99C552C95870000FDCD2F /* PlaylistsResponce.swift in Sources */,
				39C6C5472C74F5A70058D1BC /* LibaryVC.swift in Sources */,
				396D66252C8EF16600FDF0B3 /* Image.swift in Sources */,
				39C6C5492C74F63B0058D1BC /* TabBarController.swift in Sources */,
				39BC93972C92DA81000626A5 /* Album.swift in Sources */,
				39B0C3AC2CA6C68E0028CA3B /* RecomendedTracksSectionCell.swift in Sources */,
				39C6C52A2C74EBEC0058D1BC /* AppDelegate.swift in Sources */,
				39D99C532C95813800FDCD2F /* Featured Playlists.swift in Sources */,
				3984EA582CAFE8CA0019F570 /* TopArtistsSectionCell.swift in Sources */,
				39D99C5B2C95D14D00FDCD2F /* GenresResponce.swift in Sources */,
				3960940C2CAAD0AD00E526CD /* Constants.swift in Sources */,
				39BC939E2C92EC20000626A5 /* EndpointManager.swift in Sources */,
				396D66232C8EF07400FDF0B3 /* UserProfile.swift in Sources */,
				395D97AF2CB53554002B3870 /* PlayHistory.swift in Sources */,
				39D179CF2CA9BA6D00626B9F /* UserPlaylistsSectionCell.swift in Sources */,
				39C6C54D2C75E3DE0058D1BC /* WelcomeVC.swift in Sources */,
				39D99C4D2C9462E600FDCD2F /* NewReleases  .swift in Sources */,
				39F6E9192C907E9400530E2A /* HeaderView.swift in Sources */,
				39B0C3AA2CA6B4340028CA3B /* UserPlaylistsCellViewModel.swift in Sources */,
				39C6C52C2C74EBEC0058D1BC /* SceneDelegate.swift in Sources */,
				39712FB52C89E4E8000B45AA /* AuthRequest.swift in Sources */,
				3947E1A42C8F3A2200D3D8D6 /* Section.swift in Sources */,
				396D66272C8F022B00FDF0B3 /* TokenManager.swift in Sources */,
				391D48C62C96E64F00E52832 /* CustomReusableCell.swift in Sources */,
				39B3924F2CAAF71900CBAD39 /* UserTopItems.swift in Sources */,
				3947E1A62C8F3BEF00D3D8D6 /* UserProfileVC.swift in Sources */,
				39D99C592C959DB300FDCD2F /* Track.swift in Sources */,
				3947E1A22C8F18BD00D3D8D6 /* SettingsVC.swift in Sources */,
				3947E1A82C8F5E1F00D3D8D6 /* APIErrors.swift in Sources */,
			);
			runOnlyForDeploymentPostprocessing = 0;
		};
/* End PBXSourcesBuildPhase section */

/* Begin PBXVariantGroup section */
		39C6C52F2C74EBEC0058D1BC /* Main.storyboard */ = {
			isa = PBXVariantGroup;
			children = (
				39C6C5302C74EBEC0058D1BC /* Base */,
			);
			name = Main.storyboard;
			sourceTree = "<group>";
		};
		39C6C5342C74EBED0058D1BC /* LaunchScreen.storyboard */ = {
			isa = PBXVariantGroup;
			children = (
				39C6C5352C74EBED0058D1BC /* Base */,
			);
			name = LaunchScreen.storyboard;
			sourceTree = "<group>";
		};
/* End PBXVariantGroup section */

/* Begin XCBuildConfiguration section */
		39C6C5382C74EBED0058D1BC /* Debug */ = {
			isa = XCBuildConfiguration;
			buildSettings = {
				ALWAYS_SEARCH_USER_PATHS = NO;
				ASSETCATALOG_COMPILER_GENERATE_SWIFT_ASSET_SYMBOL_EXTENSIONS = YES;
				CLANG_ANALYZER_NONNULL = YES;
				CLANG_ANALYZER_NUMBER_OBJECT_CONVERSION = YES_AGGRESSIVE;
				CLANG_CXX_LANGUAGE_STANDARD = "gnu++20";
				CLANG_ENABLE_MODULES = YES;
				CLANG_ENABLE_OBJC_ARC = YES;
				CLANG_ENABLE_OBJC_WEAK = YES;
				CLANG_WARN_BLOCK_CAPTURE_AUTORELEASING = YES;
				CLANG_WARN_BOOL_CONVERSION = YES;
				CLANG_WARN_COMMA = YES;
				CLANG_WARN_CONSTANT_CONVERSION = YES;
				CLANG_WARN_DEPRECATED_OBJC_IMPLEMENTATIONS = YES;
				CLANG_WARN_DIRECT_OBJC_ISA_USAGE = YES_ERROR;
				CLANG_WARN_DOCUMENTATION_COMMENTS = YES;
				CLANG_WARN_EMPTY_BODY = YES;
				CLANG_WARN_ENUM_CONVERSION = YES;
				CLANG_WARN_INFINITE_RECURSION = YES;
				CLANG_WARN_INT_CONVERSION = YES;
				CLANG_WARN_NON_LITERAL_NULL_CONVERSION = YES;
				CLANG_WARN_OBJC_IMPLICIT_RETAIN_SELF = YES;
				CLANG_WARN_OBJC_LITERAL_CONVERSION = YES;
				CLANG_WARN_OBJC_ROOT_CLASS = YES_ERROR;
				CLANG_WARN_QUOTED_INCLUDE_IN_FRAMEWORK_HEADER = YES;
				CLANG_WARN_RANGE_LOOP_ANALYSIS = YES;
				CLANG_WARN_STRICT_PROTOTYPES = YES;
				CLANG_WARN_SUSPICIOUS_MOVE = YES;
				CLANG_WARN_UNGUARDED_AVAILABILITY = YES_AGGRESSIVE;
				CLANG_WARN_UNREACHABLE_CODE = YES;
				CLANG_WARN__DUPLICATE_METHOD_MATCH = YES;
				COPY_PHASE_STRIP = NO;
				DEBUG_INFORMATION_FORMAT = dwarf;
				ENABLE_STRICT_OBJC_MSGSEND = YES;
				ENABLE_TESTABILITY = YES;
				ENABLE_USER_SCRIPT_SANDBOXING = YES;
				GCC_C_LANGUAGE_STANDARD = gnu17;
				GCC_DYNAMIC_NO_PIC = NO;
				GCC_NO_COMMON_BLOCKS = YES;
				GCC_OPTIMIZATION_LEVEL = 0;
				GCC_PREPROCESSOR_DEFINITIONS = (
					"DEBUG=1",
					"$(inherited)",
				);
				GCC_WARN_64_TO_32_BIT_CONVERSION = YES;
				GCC_WARN_ABOUT_RETURN_TYPE = YES_ERROR;
				GCC_WARN_UNDECLARED_SELECTOR = YES;
				GCC_WARN_UNINITIALIZED_AUTOS = YES_AGGRESSIVE;
				GCC_WARN_UNUSED_FUNCTION = YES;
				GCC_WARN_UNUSED_VARIABLE = YES;
				IPHONEOS_DEPLOYMENT_TARGET = 17.2;
				LOCALIZATION_PREFERS_STRING_CATALOGS = YES;
				MTL_ENABLE_DEBUG_INFO = INCLUDE_SOURCE;
				MTL_FAST_MATH = YES;
				ONLY_ACTIVE_ARCH = YES;
				SDKROOT = iphoneos;
				SWIFT_ACTIVE_COMPILATION_CONDITIONS = "DEBUG $(inherited)";
				SWIFT_OPTIMIZATION_LEVEL = "-Onone";
			};
			name = Debug;
		};
		39C6C5392C74EBED0058D1BC /* Release */ = {
			isa = XCBuildConfiguration;
			buildSettings = {
				ALWAYS_SEARCH_USER_PATHS = NO;
				ASSETCATALOG_COMPILER_GENERATE_SWIFT_ASSET_SYMBOL_EXTENSIONS = YES;
				CLANG_ANALYZER_NONNULL = YES;
				CLANG_ANALYZER_NUMBER_OBJECT_CONVERSION = YES_AGGRESSIVE;
				CLANG_CXX_LANGUAGE_STANDARD = "gnu++20";
				CLANG_ENABLE_MODULES = YES;
				CLANG_ENABLE_OBJC_ARC = YES;
				CLANG_ENABLE_OBJC_WEAK = YES;
				CLANG_WARN_BLOCK_CAPTURE_AUTORELEASING = YES;
				CLANG_WARN_BOOL_CONVERSION = YES;
				CLANG_WARN_COMMA = YES;
				CLANG_WARN_CONSTANT_CONVERSION = YES;
				CLANG_WARN_DEPRECATED_OBJC_IMPLEMENTATIONS = YES;
				CLANG_WARN_DIRECT_OBJC_ISA_USAGE = YES_ERROR;
				CLANG_WARN_DOCUMENTATION_COMMENTS = YES;
				CLANG_WARN_EMPTY_BODY = YES;
				CLANG_WARN_ENUM_CONVERSION = YES;
				CLANG_WARN_INFINITE_RECURSION = YES;
				CLANG_WARN_INT_CONVERSION = YES;
				CLANG_WARN_NON_LITERAL_NULL_CONVERSION = YES;
				CLANG_WARN_OBJC_IMPLICIT_RETAIN_SELF = YES;
				CLANG_WARN_OBJC_LITERAL_CONVERSION = YES;
				CLANG_WARN_OBJC_ROOT_CLASS = YES_ERROR;
				CLANG_WARN_QUOTED_INCLUDE_IN_FRAMEWORK_HEADER = YES;
				CLANG_WARN_RANGE_LOOP_ANALYSIS = YES;
				CLANG_WARN_STRICT_PROTOTYPES = YES;
				CLANG_WARN_SUSPICIOUS_MOVE = YES;
				CLANG_WARN_UNGUARDED_AVAILABILITY = YES_AGGRESSIVE;
				CLANG_WARN_UNREACHABLE_CODE = YES;
				CLANG_WARN__DUPLICATE_METHOD_MATCH = YES;
				COPY_PHASE_STRIP = NO;
				DEBUG_INFORMATION_FORMAT = "dwarf-with-dsym";
				ENABLE_NS_ASSERTIONS = NO;
				ENABLE_STRICT_OBJC_MSGSEND = YES;
				ENABLE_USER_SCRIPT_SANDBOXING = YES;
				GCC_C_LANGUAGE_STANDARD = gnu17;
				GCC_NO_COMMON_BLOCKS = YES;
				GCC_WARN_64_TO_32_BIT_CONVERSION = YES;
				GCC_WARN_ABOUT_RETURN_TYPE = YES_ERROR;
				GCC_WARN_UNDECLARED_SELECTOR = YES;
				GCC_WARN_UNINITIALIZED_AUTOS = YES_AGGRESSIVE;
				GCC_WARN_UNUSED_FUNCTION = YES;
				GCC_WARN_UNUSED_VARIABLE = YES;
				IPHONEOS_DEPLOYMENT_TARGET = 17.2;
				LOCALIZATION_PREFERS_STRING_CATALOGS = YES;
				MTL_ENABLE_DEBUG_INFO = NO;
				MTL_FAST_MATH = YES;
				SDKROOT = iphoneos;
				SWIFT_COMPILATION_MODE = wholemodule;
				VALIDATE_PRODUCT = YES;
			};
			name = Release;
		};
		39C6C53B2C74EBED0058D1BC /* Debug */ = {
			isa = XCBuildConfiguration;
			buildSettings = {
				ASSETCATALOG_COMPILER_APPICON_NAME = AppIcon;
				ASSETCATALOG_COMPILER_GLOBAL_ACCENT_COLOR_NAME = AccentColor;
				CODE_SIGN_STYLE = Automatic;
				CURRENT_PROJECT_VERSION = 1;
				DEVELOPMENT_TEAM = 2DNK5GXWY7;
				GENERATE_INFOPLIST_FILE = YES;
				INFOPLIST_FILE = Spotify/Info.plist;
				INFOPLIST_KEY_UIApplicationSupportsIndirectInputEvents = YES;
				INFOPLIST_KEY_UILaunchStoryboardName = LaunchScreen;
				INFOPLIST_KEY_UIMainStoryboardFile = Main;
				INFOPLIST_KEY_UISupportedInterfaceOrientations_iPad = "UIInterfaceOrientationPortrait UIInterfaceOrientationPortraitUpsideDown UIInterfaceOrientationLandscapeLeft UIInterfaceOrientationLandscapeRight";
				INFOPLIST_KEY_UISupportedInterfaceOrientations_iPhone = "UIInterfaceOrientationPortrait UIInterfaceOrientationLandscapeLeft UIInterfaceOrientationLandscapeRight";
				LD_RUNPATH_SEARCH_PATHS = (
					"$(inherited)",
					"@executable_path/Frameworks",
				);
				MARKETING_VERSION = 1.0;
				PRODUCT_BUNDLE_IDENTIFIER = com.yerko.Spotify;
				PRODUCT_NAME = "$(TARGET_NAME)";
				SWIFT_EMIT_LOC_STRINGS = YES;
				SWIFT_VERSION = 5.0;
				TARGETED_DEVICE_FAMILY = "1,2";
			};
			name = Debug;
		};
		39C6C53C2C74EBED0058D1BC /* Release */ = {
			isa = XCBuildConfiguration;
			buildSettings = {
				ASSETCATALOG_COMPILER_APPICON_NAME = AppIcon;
				ASSETCATALOG_COMPILER_GLOBAL_ACCENT_COLOR_NAME = AccentColor;
				CODE_SIGN_STYLE = Automatic;
				CURRENT_PROJECT_VERSION = 1;
				DEVELOPMENT_TEAM = 2DNK5GXWY7;
				GENERATE_INFOPLIST_FILE = YES;
				INFOPLIST_FILE = Spotify/Info.plist;
				INFOPLIST_KEY_UIApplicationSupportsIndirectInputEvents = YES;
				INFOPLIST_KEY_UILaunchStoryboardName = LaunchScreen;
				INFOPLIST_KEY_UIMainStoryboardFile = Main;
				INFOPLIST_KEY_UISupportedInterfaceOrientations_iPad = "UIInterfaceOrientationPortrait UIInterfaceOrientationPortraitUpsideDown UIInterfaceOrientationLandscapeLeft UIInterfaceOrientationLandscapeRight";
				INFOPLIST_KEY_UISupportedInterfaceOrientations_iPhone = "UIInterfaceOrientationPortrait UIInterfaceOrientationLandscapeLeft UIInterfaceOrientationLandscapeRight";
				LD_RUNPATH_SEARCH_PATHS = (
					"$(inherited)",
					"@executable_path/Frameworks",
				);
				MARKETING_VERSION = 1.0;
				PRODUCT_BUNDLE_IDENTIFIER = com.yerko.Spotify;
				PRODUCT_NAME = "$(TARGET_NAME)";
				SWIFT_EMIT_LOC_STRINGS = YES;
				SWIFT_VERSION = 5.0;
				TARGETED_DEVICE_FAMILY = "1,2";
			};
			name = Release;
		};
/* End XCBuildConfiguration section */

/* Begin XCConfigurationList section */
		39C6C5212C74EBEC0058D1BC /* Build configuration list for PBXProject "Spotify" */ = {
			isa = XCConfigurationList;
			buildConfigurations = (
				39C6C5382C74EBED0058D1BC /* Debug */,
				39C6C5392C74EBED0058D1BC /* Release */,
			);
			defaultConfigurationIsVisible = 0;
			defaultConfigurationName = Release;
		};
		39C6C53A2C74EBED0058D1BC /* Build configuration list for PBXNativeTarget "Spotify" */ = {
			isa = XCConfigurationList;
			buildConfigurations = (
				39C6C53B2C74EBED0058D1BC /* Debug */,
				39C6C53C2C74EBED0058D1BC /* Release */,
			);
			defaultConfigurationIsVisible = 0;
			defaultConfigurationName = Release;
		};
/* End XCConfigurationList section */

/* Begin XCRemoteSwiftPackageReference section */
		397A907F2C775B280005E6FC /* XCRemoteSwiftPackageReference "ios-sdk" */ = {
			isa = XCRemoteSwiftPackageReference;
			repositoryURL = "https://github.com/spotify/ios-sdk.git";
			requirement = {
				branch = master;
				kind = branch;
			};
		};
/* End XCRemoteSwiftPackageReference section */

/* Begin XCSwiftPackageProductDependency section */
		397A90802C775B280005E6FC /* SpotifyiOS */ = {
			isa = XCSwiftPackageProductDependency;
			package = 397A907F2C775B280005E6FC /* XCRemoteSwiftPackageReference "ios-sdk" */;
			productName = SpotifyiOS;
		};
/* End XCSwiftPackageProductDependency section */
	};
	rootObject = 39C6C51E2C74EBEC0058D1BC /* Project object */;
}
