// !$*UTF8*$!
{
	archiveVersion = 1;
	classes = {
	};
	objectVersion = 56;
	objects = {

/* Begin PBXBuildFile section */
		39C6C52A2C74EBEC0058D1BC /* AppDelegate.swift in Sources */ = {isa = PBXBuildFile; fileRef = 39C6C5292C74EBEC0058D1BC /* AppDelegate.swift */; };
		39C6C52C2C74EBEC0058D1BC /* SceneDelegate.swift in Sources */ = {isa = PBXBuildFile; fileRef = 39C6C52B2C74EBEC0058D1BC /* SceneDelegate.swift */; };
		39C6C52E2C74EBEC0058D1BC /* HomeVC.swift in Sources */ = {isa = PBXBuildFile; fileRef = 39C6C52D2C74EBEC0058D1BC /* HomeVC.swift */; };
		39C6C5312C74EBEC0058D1BC /* Main.storyboard in Resources */ = {isa = PBXBuildFile; fileRef = 39C6C52F2C74EBEC0058D1BC /* Main.storyboard */; };
		39C6C5332C74EBED0058D1BC /* Assets.xcassets in Resources */ = {isa = PBXBuildFile; fileRef = 39C6C5322C74EBED0058D1BC /* Assets.xcassets */; };
		39C6C5362C74EBED0058D1BC /* LaunchScreen.storyboard in Resources */ = {isa = PBXBuildFile; fileRef = 39C6C5342C74EBED0058D1BC /* LaunchScreen.storyboard */; };
		39C6C5452C74EE0E0058D1BC /* SearchVC.swift in Sources */ = {isa = PBXBuildFile; fileRef = 39C6C5442C74EE0E0058D1BC /* SearchVC.swift */; };
		39C6C5472C74F5A70058D1BC /* LibaryVC.swift in Sources */ = {isa = PBXBuildFile; fileRef = 39C6C5462C74F5A70058D1BC /* LibaryVC.swift */; };
		39C6C5492C74F63B0058D1BC /* TabBarController.swift in Sources */ = {isa = PBXBuildFile; fileRef = 39C6C5482C74F63B0058D1BC /* TabBarController.swift */; };
		39C6C54D2C75E3DE0058D1BC /* WelcomeVC.swift in Sources */ = {isa = PBXBuildFile; fileRef = 39C6C54C2C75E3DE0058D1BC /* WelcomeVC.swift */; };
		39C6C54F2C75E4080058D1BC /* AuthManager.swift in Sources */ = {isa = PBXBuildFile; fileRef = 39C6C54E2C75E4080058D1BC /* AuthManager.swift */; };
		39C6C5512C75F2B10058D1BC /* AuthVC.swift in Sources */ = {isa = PBXBuildFile; fileRef = 39C6C5502C75F2B10058D1BC /* AuthVC.swift */; };
/* End PBXBuildFile section */

/* Begin PBXFileReference section */
		39C6C5262C74EBEC0058D1BC /* Spotify.app */ = {isa = PBXFileReference; explicitFileType = wrapper.application; includeInIndex = 0; path = Spotify.app; sourceTree = BUILT_PRODUCTS_DIR; };
		39C6C5292C74EBEC0058D1BC /* AppDelegate.swift */ = {isa = PBXFileReference; lastKnownFileType = sourcecode.swift; path = AppDelegate.swift; sourceTree = "<group>"; };
		39C6C52B2C74EBEC0058D1BC /* SceneDelegate.swift */ = {isa = PBXFileReference; lastKnownFileType = sourcecode.swift; path = SceneDelegate.swift; sourceTree = "<group>"; };
		39C6C52D2C74EBEC0058D1BC /* HomeVC.swift */ = {isa = PBXFileReference; lastKnownFileType = sourcecode.swift; path = HomeVC.swift; sourceTree = "<group>"; };
		39C6C5302C74EBEC0058D1BC /* Base */ = {isa = PBXFileReference; lastKnownFileType = file.storyboard; name = Base; path = Base.lproj/Main.storyboard; sourceTree = "<group>"; };
		39C6C5322C74EBED0058D1BC /* Assets.xcassets */ = {isa = PBXFileReference; lastKnownFileType = folder.assetcatalog; path = Assets.xcassets; sourceTree = "<group>"; };
		39C6C5352C74EBED0058D1BC /* Base */ = {isa = PBXFileReference; lastKnownFileType = file.storyboard; name = Base; path = Base.lproj/LaunchScreen.storyboard; sourceTree = "<group>"; };
		39C6C5372C74EBED0058D1BC /* Info.plist */ = {isa = PBXFileReference; lastKnownFileType = text.plist.xml; path = Info.plist; sourceTree = "<group>"; };
		39C6C5442C74EE0E0058D1BC /* SearchVC.swift */ = {isa = PBXFileReference; lastKnownFileType = sourcecode.swift; path = SearchVC.swift; sourceTree = "<group>"; };
		39C6C5462C74F5A70058D1BC /* LibaryVC.swift */ = {isa = PBXFileReference; lastKnownFileType = sourcecode.swift; path = LibaryVC.swift; sourceTree = "<group>"; };
		39C6C5482C74F63B0058D1BC /* TabBarController.swift */ = {isa = PBXFileReference; lastKnownFileType = sourcecode.swift; path = TabBarController.swift; sourceTree = "<group>"; };
		39C6C54C2C75E3DE0058D1BC /* WelcomeVC.swift */ = {isa = PBXFileReference; lastKnownFileType = sourcecode.swift; path = WelcomeVC.swift; sourceTree = "<group>"; };
		39C6C54E2C75E4080058D1BC /* AuthManager.swift */ = {isa = PBXFileReference; lastKnownFileType = sourcecode.swift; path = AuthManager.swift; sourceTree = "<group>"; };
		39C6C5502C75F2B10058D1BC /* AuthVC.swift */ = {isa = PBXFileReference; lastKnownFileType = sourcecode.swift; path = AuthVC.swift; sourceTree = "<group>"; };
/* End PBXFileReference section */

/* Begin PBXFrameworksBuildPhase section */
		39C6C5232C74EBEC0058D1BC /* Frameworks */ = {
			isa = PBXFrameworksBuildPhase;
			buildActionMask = 2147483647;
			files = (
			);
			runOnlyForDeploymentPostprocessing = 0;
		};
/* End PBXFrameworksBuildPhase section */

/* Begin PBXGroup section */
		39C6C51D2C74EBEC0058D1BC = {
			isa = PBXGroup;
			children = (
				39C6C5282C74EBEC0058D1BC /* Spotify */,
				39C6C5272C74EBEC0058D1BC /* Products */,
			);
			sourceTree = "<group>";
		};
		39C6C5272C74EBEC0058D1BC /* Products */ = {
			isa = PBXGroup;
			children = (
				39C6C5262C74EBEC0058D1BC /* Spotify.app */,
			);
			name = Products;
			sourceTree = "<group>";
		};
		39C6C5282C74EBEC0058D1BC /* Spotify */ = {
			isa = PBXGroup;
			children = (
				39C6C5432C74EC980058D1BC /* Managers */,
				39C6C5422C74EC760058D1BC /* Screens */,
				39C6C5412C74EC6E0058D1BC /* Models */,
				39C6C5402C74EC640058D1BC /* ViewModes */,
				39C6C53F2C74EC5E0058D1BC /* Views */,
				39C6C53E2C74EC5A0058D1BC /* Support */,
				39C6C52F2C74EBEC0058D1BC /* Main.storyboard */,
				39C6C5342C74EBED0058D1BC /* LaunchScreen.storyboard */,
				39C6C5372C74EBED0058D1BC /* Info.plist */,
			);
			path = Spotify;
			sourceTree = "<group>";
		};
		39C6C53E2C74EC5A0058D1BC /* Support */ = {
			isa = PBXGroup;
			children = (
				39C6C5292C74EBEC0058D1BC /* AppDelegate.swift */,
				39C6C52B2C74EBEC0058D1BC /* SceneDelegate.swift */,
				39C6C5322C74EBED0058D1BC /* Assets.xcassets */,
				39C6C5482C74F63B0058D1BC /* TabBarController.swift */,
			);
			path = Support;
			sourceTree = "<group>";
		};
		39C6C53F2C74EC5E0058D1BC /* Views */ = {
			isa = PBXGroup;
			children = (
			);
			path = Views;
			sourceTree = "<group>";
		};
		39C6C5402C74EC640058D1BC /* ViewModes */ = {
			isa = PBXGroup;
			children = (
			);
			path = ViewModes;
			sourceTree = "<group>";
		};
		39C6C5412C74EC6E0058D1BC /* Models */ = {
			isa = PBXGroup;
			children = (
			);
			path = Models;
			sourceTree = "<group>";
		};
		39C6C5422C74EC760058D1BC /* Screens */ = {
			isa = PBXGroup;
			children = (
				39C6C54B2C74F7660058D1BC /* Other */,
				39C6C54A2C74F75D0058D1BC /* Core */,
			);
			path = Screens;
			sourceTree = "<group>";
		};
		39C6C5432C74EC980058D1BC /* Managers */ = {
			isa = PBXGroup;
			children = (
				39C6C54E2C75E4080058D1BC /* AuthManager.swift */,
			);
			path = Managers;
			sourceTree = "<group>";
		};
		39C6C54A2C74F75D0058D1BC /* Core */ = {
			isa = PBXGroup;
			children = (
				39C6C52D2C74EBEC0058D1BC /* HomeVC.swift */,
				39C6C5462C74F5A70058D1BC /* LibaryVC.swift */,
				39C6C5442C74EE0E0058D1BC /* SearchVC.swift */,
			);
			path = Core;
			sourceTree = "<group>";
		};
		39C6C54B2C74F7660058D1BC /* Other */ = {
			isa = PBXGroup;
			children = (
				39C6C54C2C75E3DE0058D1BC /* WelcomeVC.swift */,
				39C6C5502C75F2B10058D1BC /* AuthVC.swift */,
			);
			path = Other;
			sourceTree = "<group>";
		};
/* End PBXGroup section */

/* Begin PBXNativeTarget section */
		39C6C5252C74EBEC0058D1BC /* Spotify */ = {
			isa = PBXNativeTarget;
			buildConfigurationList = 39C6C53A2C74EBED0058D1BC /* Build configuration list for PBXNativeTarget "Spotify" */;
			buildPhases = (
				39C6C5222C74EBEC0058D1BC /* Sources */,
				39C6C5232C74EBEC0058D1BC /* Frameworks */,
				39C6C5242C74EBEC0058D1BC /* Resources */,
			);
			buildRules = (
			);
			dependencies = (
			);
			name = Spotify;
			productName = Spotify;
			productReference = 39C6C5262C74EBEC0058D1BC /* Spotify.app */;
			productType = "com.apple.product-type.application";
		};
/* End PBXNativeTarget section */

/* Begin PBXProject section */
		39C6C51E2C74EBEC0058D1BC /* Project object */ = {
			isa = PBXProject;
			attributes = {
				BuildIndependentTargetsInParallel = 1;
				LastSwiftUpdateCheck = 1520;
				LastUpgradeCheck = 1520;
				TargetAttributes = {
					39C6C5252C74EBEC0058D1BC = {
						CreatedOnToolsVersion = 15.2;
					};
				};
			};
			buildConfigurationList = 39C6C5212C74EBEC0058D1BC /* Build configuration list for PBXProject "Spotify" */;
			compatibilityVersion = "Xcode 14.0";
			developmentRegion = en;
			hasScannedForEncodings = 0;
			knownRegions = (
				en,
				Base,
			);
			mainGroup = 39C6C51D2C74EBEC0058D1BC;
			productRefGroup = 39C6C5272C74EBEC0058D1BC /* Products */;
			projectDirPath = "";
			projectRoot = "";
			targets = (
				39C6C5252C74EBEC0058D1BC /* Spotify */,
			);
		};
/* End PBXProject section */

/* Begin PBXResourcesBuildPhase section */
		39C6C5242C74EBEC0058D1BC /* Resources */ = {
			isa = PBXResourcesBuildPhase;
			buildActionMask = 2147483647;
			files = (
				39C6C5362C74EBED0058D1BC /* LaunchScreen.storyboard in Resources */,
				39C6C5332C74EBED0058D1BC /* Assets.xcassets in Resources */,
				39C6C5312C74EBEC0058D1BC /* Main.storyboard in Resources */,
			);
			runOnlyForDeploymentPostprocessing = 0;
		};
/* End PBXResourcesBuildPhase section */

/* Begin PBXSourcesBuildPhase section */
		39C6C5222C74EBEC0058D1BC /* Sources */ = {
			isa = PBXSourcesBuildPhase;
			buildActionMask = 2147483647;
			files = (
				39C6C5512C75F2B10058D1BC /* AuthVC.swift in Sources */,
				39C6C5452C74EE0E0058D1BC /* SearchVC.swift in Sources */,
				39C6C54F2C75E4080058D1BC /* AuthManager.swift in Sources */,
				39C6C52E2C74EBEC0058D1BC /* HomeVC.swift in Sources */,
				39C6C5472C74F5A70058D1BC /* LibaryVC.swift in Sources */,
				39C6C5492C74F63B0058D1BC /* TabBarController.swift in Sources */,
				39C6C52A2C74EBEC0058D1BC /* AppDelegate.swift in Sources */,
				39C6C54D2C75E3DE0058D1BC /* WelcomeVC.swift in Sources */,
				39C6C52C2C74EBEC0058D1BC /* SceneDelegate.swift in Sources */,
			);
			runOnlyForDeploymentPostprocessing = 0;
		};
/* End PBXSourcesBuildPhase section */

/* Begin PBXVariantGroup section */
		39C6C52F2C74EBEC0058D1BC /* Main.storyboard */ = {
			isa = PBXVariantGroup;
			children = (
				39C6C5302C74EBEC0058D1BC /* Base */,
			);
			name = Main.storyboard;
			sourceTree = "<group>";
		};
		39C6C5342C74EBED0058D1BC /* LaunchScreen.storyboard */ = {
			isa = PBXVariantGroup;
			children = (
				39C6C5352C74EBED0058D1BC /* Base */,
			);
			name = LaunchScreen.storyboard;
			sourceTree = "<group>";
		};
/* End PBXVariantGroup section */

/* Begin XCBuildConfiguration section */
		39C6C5382C74EBED0058D1BC /* Debug */ = {
			isa = XCBuildConfiguration;
			buildSettings = {
				ALWAYS_SEARCH_USER_PATHS = NO;
				ASSETCATALOG_COMPILER_GENERATE_SWIFT_ASSET_SYMBOL_EXTENSIONS = YES;
				CLANG_ANALYZER_NONNULL = YES;
				CLANG_ANALYZER_NUMBER_OBJECT_CONVERSION = YES_AGGRESSIVE;
				CLANG_CXX_LANGUAGE_STANDARD = "gnu++20";
				CLANG_ENABLE_MODULES = YES;
				CLANG_ENABLE_OBJC_ARC = YES;
				CLANG_ENABLE_OBJC_WEAK = YES;
				CLANG_WARN_BLOCK_CAPTURE_AUTORELEASING = YES;
				CLANG_WARN_BOOL_CONVERSION = YES;
				CLANG_WARN_COMMA = YES;
				CLANG_WARN_CONSTANT_CONVERSION = YES;
				CLANG_WARN_DEPRECATED_OBJC_IMPLEMENTATIONS = YES;
				CLANG_WARN_DIRECT_OBJC_ISA_USAGE = YES_ERROR;
				CLANG_WARN_DOCUMENTATION_COMMENTS = YES;
				CLANG_WARN_EMPTY_BODY = YES;
				CLANG_WARN_ENUM_CONVERSION = YES;
				CLANG_WARN_INFINITE_RECURSION = YES;
				CLANG_WARN_INT_CONVERSION = YES;
				CLANG_WARN_NON_LITERAL_NULL_CONVERSION = YES;
				CLANG_WARN_OBJC_IMPLICIT_RETAIN_SELF = YES;
				CLANG_WARN_OBJC_LITERAL_CONVERSION = YES;
				CLANG_WARN_OBJC_ROOT_CLASS = YES_ERROR;
				CLANG_WARN_QUOTED_INCLUDE_IN_FRAMEWORK_HEADER = YES;
				CLANG_WARN_RANGE_LOOP_ANALYSIS = YES;
				CLANG_WARN_STRICT_PROTOTYPES = YES;
				CLANG_WARN_SUSPICIOUS_MOVE = YES;
				CLANG_WARN_UNGUARDED_AVAILABILITY = YES_AGGRESSIVE;
				CLANG_WARN_UNREACHABLE_CODE = YES;
				CLANG_WARN__DUPLICATE_METHOD_MATCH = YES;
				COPY_PHASE_STRIP = NO;
				DEBUG_INFORMATION_FORMAT = dwarf;
				ENABLE_STRICT_OBJC_MSGSEND = YES;
				ENABLE_TESTABILITY = YES;
				ENABLE_USER_SCRIPT_SANDBOXING = YES;
				GCC_C_LANGUAGE_STANDARD = gnu17;
				GCC_DYNAMIC_NO_PIC = NO;
				GCC_NO_COMMON_BLOCKS = YES;
				GCC_OPTIMIZATION_LEVEL = 0;
				GCC_PREPROCESSOR_DEFINITIONS = (
					"DEBUG=1",
					"$(inherited)",
				);
				GCC_WARN_64_TO_32_BIT_CONVERSION = YES;
				GCC_WARN_ABOUT_RETURN_TYPE = YES_ERROR;
				GCC_WARN_UNDECLARED_SELECTOR = YES;
				GCC_WARN_UNINITIALIZED_AUTOS = YES_AGGRESSIVE;
				GCC_WARN_UNUSED_FUNCTION = YES;
				GCC_WARN_UNUSED_VARIABLE = YES;
				IPHONEOS_DEPLOYMENT_TARGET = 17.2;
				LOCALIZATION_PREFERS_STRING_CATALOGS = YES;
				MTL_ENABLE_DEBUG_INFO = INCLUDE_SOURCE;
				MTL_FAST_MATH = YES;
				ONLY_ACTIVE_ARCH = YES;
				SDKROOT = iphoneos;
				SWIFT_ACTIVE_COMPILATION_CONDITIONS = "DEBUG $(inherited)";
				SWIFT_OPTIMIZATION_LEVEL = "-Onone";
			};
			name = Debug;
		};
		39C6C5392C74EBED0058D1BC /* Release */ = {
			isa = XCBuildConfiguration;
			buildSettings = {
				ALWAYS_SEARCH_USER_PATHS = NO;
				ASSETCATALOG_COMPILER_GENERATE_SWIFT_ASSET_SYMBOL_EXTENSIONS = YES;
				CLANG_ANALYZER_NONNULL = YES;
				CLANG_ANALYZER_NUMBER_OBJECT_CONVERSION = YES_AGGRESSIVE;
				CLANG_CXX_LANGUAGE_STANDARD = "gnu++20";
				CLANG_ENABLE_MODULES = YES;
				CLANG_ENABLE_OBJC_ARC = YES;
				CLANG_ENABLE_OBJC_WEAK = YES;
				CLANG_WARN_BLOCK_CAPTURE_AUTORELEASING = YES;
				CLANG_WARN_BOOL_CONVERSION = YES;
				CLANG_WARN_COMMA = YES;
				CLANG_WARN_CONSTANT_CONVERSION = YES;
				CLANG_WARN_DEPRECATED_OBJC_IMPLEMENTATIONS = YES;
				CLANG_WARN_DIRECT_OBJC_ISA_USAGE = YES_ERROR;
				CLANG_WARN_DOCUMENTATION_COMMENTS = YES;
				CLANG_WARN_EMPTY_BODY = YES;
				CLANG_WARN_ENUM_CONVERSION = YES;
				CLANG_WARN_INFINITE_RECURSION = YES;
				CLANG_WARN_INT_CONVERSION = YES;
				CLANG_WARN_NON_LITERAL_NULL_CONVERSION = YES;
				CLANG_WARN_OBJC_IMPLICIT_RETAIN_SELF = YES;
				CLANG_WARN_OBJC_LITERAL_CONVERSION = YES;
				CLANG_WARN_OBJC_ROOT_CLASS = YES_ERROR;
				CLANG_WARN_QUOTED_INCLUDE_IN_FRAMEWORK_HEADER = YES;
				CLANG_WARN_RANGE_LOOP_ANALYSIS = YES;
				CLANG_WARN_STRICT_PROTOTYPES = YES;
				CLANG_WARN_SUSPICIOUS_MOVE = YES;
				CLANG_WARN_UNGUARDED_AVAILABILITY = YES_AGGRESSIVE;
				CLANG_WARN_UNREACHABLE_CODE = YES;
				CLANG_WARN__DUPLICATE_METHOD_MATCH = YES;
				COPY_PHASE_STRIP = NO;
				DEBUG_INFORMATION_FORMAT = "dwarf-with-dsym";
				ENABLE_NS_ASSERTIONS = NO;
				ENABLE_STRICT_OBJC_MSGSEND = YES;
				ENABLE_USER_SCRIPT_SANDBOXING = YES;
				GCC_C_LANGUAGE_STANDARD = gnu17;
				GCC_NO_COMMON_BLOCKS = YES;
				GCC_WARN_64_TO_32_BIT_CONVERSION = YES;
				GCC_WARN_ABOUT_RETURN_TYPE = YES_ERROR;
				GCC_WARN_UNDECLARED_SELECTOR = YES;
				GCC_WARN_UNINITIALIZED_AUTOS = YES_AGGRESSIVE;
				GCC_WARN_UNUSED_FUNCTION = YES;
				GCC_WARN_UNUSED_VARIABLE = YES;
				IPHONEOS_DEPLOYMENT_TARGET = 17.2;
				LOCALIZATION_PREFERS_STRING_CATALOGS = YES;
				MTL_ENABLE_DEBUG_INFO = NO;
				MTL_FAST_MATH = YES;
				SDKROOT = iphoneos;
				SWIFT_COMPILATION_MODE = wholemodule;
				VALIDATE_PRODUCT = YES;
			};
			name = Release;
		};
		39C6C53B2C74EBED0058D1BC /* Debug */ = {
			isa = XCBuildConfiguration;
			buildSettings = {
				ASSETCATALOG_COMPILER_APPICON_NAME = AppIcon;
				ASSETCATALOG_COMPILER_GLOBAL_ACCENT_COLOR_NAME = AccentColor;
				CODE_SIGN_STYLE = Automatic;
				CURRENT_PROJECT_VERSION = 1;
				DEVELOPMENT_TEAM = 2DNK5GXWY7;
				GENERATE_INFOPLIST_FILE = YES;
				INFOPLIST_FILE = Spotify/Info.plist;
				INFOPLIST_KEY_UIApplicationSupportsIndirectInputEvents = YES;
				INFOPLIST_KEY_UILaunchStoryboardName = LaunchScreen;
				INFOPLIST_KEY_UIMainStoryboardFile = Main;
				INFOPLIST_KEY_UISupportedInterfaceOrientations_iPad = "UIInterfaceOrientationPortrait UIInterfaceOrientationPortraitUpsideDown UIInterfaceOrientationLandscapeLeft UIInterfaceOrientationLandscapeRight";
				INFOPLIST_KEY_UISupportedInterfaceOrientations_iPhone = "UIInterfaceOrientationPortrait UIInterfaceOrientationLandscapeLeft UIInterfaceOrientationLandscapeRight";
				LD_RUNPATH_SEARCH_PATHS = (
					"$(inherited)",
					"@executable_path/Frameworks",
				);
				MARKETING_VERSION = 1.0;
				PRODUCT_BUNDLE_IDENTIFIER = com.yerko.Spotify;
				PRODUCT_NAME = "$(TARGET_NAME)";
				SWIFT_EMIT_LOC_STRINGS = YES;
				SWIFT_VERSION = 5.0;
				TARGETED_DEVICE_FAMILY = "1,2";
			};
			name = Debug;
		};
		39C6C53C2C74EBED0058D1BC /* Release */ = {
			isa = XCBuildConfiguration;
			buildSettings = {
				ASSETCATALOG_COMPILER_APPICON_NAME = AppIcon;
				ASSETCATALOG_COMPILER_GLOBAL_ACCENT_COLOR_NAME = AccentColor;
				CODE_SIGN_STYLE = Automatic;
				CURRENT_PROJECT_VERSION = 1;
				DEVELOPMENT_TEAM = 2DNK5GXWY7;
				GENERATE_INFOPLIST_FILE = YES;
				INFOPLIST_FILE = Spotify/Info.plist;
				INFOPLIST_KEY_UIApplicationSupportsIndirectInputEvents = YES;
				INFOPLIST_KEY_UILaunchStoryboardName = LaunchScreen;
				INFOPLIST_KEY_UIMainStoryboardFile = Main;
				INFOPLIST_KEY_UISupportedInterfaceOrientations_iPad = "UIInterfaceOrientationPortrait UIInterfaceOrientationPortraitUpsideDown UIInterfaceOrientationLandscapeLeft UIInterfaceOrientationLandscapeRight";
				INFOPLIST_KEY_UISupportedInterfaceOrientations_iPhone = "UIInterfaceOrientationPortrait UIInterfaceOrientationLandscapeLeft UIInterfaceOrientationLandscapeRight";
				LD_RUNPATH_SEARCH_PATHS = (
					"$(inherited)",
					"@executable_path/Frameworks",
				);
				MARKETING_VERSION = 1.0;
				PRODUCT_BUNDLE_IDENTIFIER = com.yerko.Spotify;
				PRODUCT_NAME = "$(TARGET_NAME)";
				SWIFT_EMIT_LOC_STRINGS = YES;
				SWIFT_VERSION = 5.0;
				TARGETED_DEVICE_FAMILY = "1,2";
			};
			name = Release;
		};
/* End XCBuildConfiguration section */

/* Begin XCConfigurationList section */
		39C6C5212C74EBEC0058D1BC /* Build configuration list for PBXProject "Spotify" */ = {
			isa = XCConfigurationList;
			buildConfigurations = (
				39C6C5382C74EBED0058D1BC /* Debug */,
				39C6C5392C74EBED0058D1BC /* Release */,
			);
			defaultConfigurationIsVisible = 0;
			defaultConfigurationName = Release;
		};
		39C6C53A2C74EBED0058D1BC /* Build configuration list for PBXNativeTarget "Spotify" */ = {
			isa = XCConfigurationList;
			buildConfigurations = (
				39C6C53B2C74EBED0058D1BC /* Debug */,
				39C6C53C2C74EBED0058D1BC /* Release */,
			);
			defaultConfigurationIsVisible = 0;
			defaultConfigurationName = Release;
		};
/* End XCConfigurationList section */
	};
	rootObject = 39C6C51E2C74EBEC0058D1BC /* Project object */;
}
